{
    "_readme": [
        "This file locks the dependencies of your project to a known state",
        "Read more about it at http://getcomposer.org/doc/01-basic-usage.md#composer-lock-the-lock-file",
        "This file is @generated automatically"
    ],
    "hash": "b3e912071ae09b7b031c7232bab167d8",
    "packages": [
        {
            "name": "francodacosta/caparica",
            "version": "dev-master",
            "source": {
                "type": "git",
                "url": "https://github.com/francodacosta/caparica.git",
                "reference": "1bada802f31eb98f11c82ed110c7ca80ecd7906b"
            },
            "dist": {
                "type": "zip",
                "url": "https://api.github.com/repos/francodacosta/caparica/zipball/1bada802f31eb98f11c82ed110c7ca80ecd7906b",
                "reference": "1bada802f31eb98f11c82ed110c7ca80ecd7906b",
                "shasum": ""
            },
            "require": {
                "php": ">=5.3.0"
            },
            "require-dev": {
                "evert/phpdoc-md": "~0.0.7",
                "phpdocumentor/phpdocumentor": "2.*"
            },
            "suggest": {
                "doctrine/orm": "to use the DOCTRINE client provider",
                "symfony/yaml": "to use the YAML client provider"
            },
            "type": "library",
            "autoload": {
                "psr-0": {
                    "Caparica": "src/"
                }
            },
            "notification-url": "https://packagist.org/downloads/",
            "license": [
                "MIT"
            ],
            "authors": [
                {
                    "name": "Nuno Costa",
                    "email": "nuno@francodacosta.com",
                    "homepage": "http://www.francodacosta.com"
                }
            ],
            "description": "secure your REST api with signed requests",
            "homepage": "https://github.com/francodacosta/caparica",
            "keywords": [
                "api",
                "hmac",
                "rest",
                "secure"
            ],
            "time": "2014-10-04 12:34:35"
        }
    ],
    "packages-dev": [
        {
            "name": "mockery/mockery",
            "version": "dev-master",
            "source": {
                "type": "git",
                "url": "https://github.com/padraic/mockery.git",
                "reference": "627a6c8eaf9772ad25c9bdaecc0187d562bf8213"
            },
            "dist": {
                "type": "zip",
                "url": "https://api.github.com/repos/padraic/mockery/zipball/627a6c8eaf9772ad25c9bdaecc0187d562bf8213",
                "reference": "627a6c8eaf9772ad25c9bdaecc0187d562bf8213",
                "shasum": ""
            },
            "require": {
                "lib-pcre": ">=7.0",
                "php": ">=5.3.2"
            },
            "require-dev": {
                "hamcrest/hamcrest-php": "~1.1",
                "phpunit/phpunit": "~4.0",
                "satooshi/php-coveralls": "~0.7@dev"
            },
            "type": "library",
            "extra": {
                "branch-alias": {
                    "dev-master": "0.9.x-dev"
                }
            },
            "autoload": {
                "psr-0": {
                    "Mockery": "library/"
                }
            },
            "notification-url": "https://packagist.org/downloads/",
            "license": [
                "BSD-3-Clause"
            ],
            "authors": [
                {
                    "name": "Pádraic Brady",
                    "email": "padraic.brady@gmail.com",
                    "homepage": "http://blog.astrumfutura.com"
                },
                {
                    "name": "Dave Marshall",
                    "email": "dave.marshall@atstsolutions.co.uk",
                    "homepage": "http://davedevelopment.co.uk"
                }
            ],
            "description": "Mockery is a simple yet flexible PHP mock object framework for use in unit testing with PHPUnit, PHPSpec or any other testing framework. Its core goal is to offer a test double framework with a succint API capable of clearly defining all possible object operations and interactions using a human readable Domain Specific Language (DSL). Designed as a drop in alternative to PHPUnit's phpunit-mock-objects library, Mockery is easy to integrate with PHPUnit and can operate alongside phpunit-mock-objects without the World ending.",
            "homepage": "http://github.com/padraic/mockery",
            "keywords": [
                "BDD",
                "TDD",
                "library",
                "mock",
                "mock objects",
                "mockery",
                "stub",
                "test",
                "test double",
                "testing"
            ],
            "time": "2014-10-01 10:20:07"
        }
    ],
    "aliases": [],
    "minimum-stability": "stable",
    "stability-flags": {
        "francodacosta/caparica": 20,
        "mockery/mockery": 20
    },
    "prefer-stable": false,
    "platform": {
        "php": ">=5.3.0"
    },
    "platform-dev": []
}
